// !$*UTF8*$!
{
	archiveVersion = 1;
	classes = {
	};
	objectVersion = 55;
	objects = {

/* Begin PBXBuildFile section */
		9D29CB91279C6D48001FC7EF /* CustomView.swift in Sources */ = {isa = PBXBuildFile; fileRef = 9D29CB90279C6D48001FC7EF /* CustomView.swift */; };
		9D426A53279A3CD5002EC1C1 /* AppDelegate.swift in Sources */ = {isa = PBXBuildFile; fileRef = 9D426A52279A3CD5002EC1C1 /* AppDelegate.swift */; };
		9D426A55279A3CD5002EC1C1 /* SceneDelegate.swift in Sources */ = {isa = PBXBuildFile; fileRef = 9D426A54279A3CD5002EC1C1 /* SceneDelegate.swift */; };
		9D426A5A279A3CD5002EC1C1 /* Main.storyboard in Resources */ = {isa = PBXBuildFile; fileRef = 9D426A58279A3CD5002EC1C1 /* Main.storyboard */; };
		9D426A5C279A3CD6002EC1C1 /* Assets.xcassets in Resources */ = {isa = PBXBuildFile; fileRef = 9D426A5B279A3CD6002EC1C1 /* Assets.xcassets */; };
		9D426A5F279A3CD6002EC1C1 /* LaunchScreen.storyboard in Resources */ = {isa = PBXBuildFile; fileRef = 9D426A5D279A3CD6002EC1C1 /* LaunchScreen.storyboard */; };
		9D426A74279A3CD6002EC1C1 /* ClearScoreInterviewUITests.swift in Sources */ = {isa = PBXBuildFile; fileRef = 9D426A73279A3CD6002EC1C1 /* ClearScoreInterviewUITests.swift */; };
		9D426A76279A3CD6002EC1C1 /* ClearScoreInterviewUITestsLaunchTests.swift in Sources */ = {isa = PBXBuildFile; fileRef = 9D426A75279A3CD6002EC1C1 /* ClearScoreInterviewUITestsLaunchTests.swift */; };
		9D426A86279A3F97002EC1C1 /* data.json in Resources */ = {isa = PBXBuildFile; fileRef = 9D426A85279A3F97002EC1C1 /* data.json */; };
		9D426A89279A405E002EC1C1 /* DonutView.xib in Resources */ = {isa = PBXBuildFile; fileRef = 9D426A88279A405E002EC1C1 /* DonutView.xib */; };
		9D426A8B279A4082002EC1C1 /* DonutView.swift in Sources */ = {isa = PBXBuildFile; fileRef = 9D426A8A279A4082002EC1C1 /* DonutView.swift */; };
		9D426A8F279A433F002EC1C1 /* CreditScoreViewController.swift in Sources */ = {isa = PBXBuildFile; fileRef = 9D426A8E279A433F002EC1C1 /* CreditScoreViewController.swift */; };
		9D426A92279A437E002EC1C1 /* AppConstants.swift in Sources */ = {isa = PBXBuildFile; fileRef = 9D426A91279A437E002EC1C1 /* AppConstants.swift */; };
		9D426A96279A47DA002EC1C1 /* CreditReportInfo.swift in Sources */ = {isa = PBXBuildFile; fileRef = 9D426A95279A47DA002EC1C1 /* CreditReportInfo.swift */; };
		9D426A98279A47F8002EC1C1 /* CaochingSummary.swift in Sources */ = {isa = PBXBuildFile; fileRef = 9D426A97279A47F8002EC1C1 /* CaochingSummary.swift */; };
		9D426A9A279A4847002EC1C1 /* CreditHistory.swift in Sources */ = {isa = PBXBuildFile; fileRef = 9D426A99279A4847002EC1C1 /* CreditHistory.swift */; };
		9D426A9C279A4B0B002EC1C1 /* CreditScoreViewModel.swift in Sources */ = {isa = PBXBuildFile; fileRef = 9D426A9B279A4B0B002EC1C1 /* CreditScoreViewModel.swift */; };
		9D426A9E279A4D20002EC1C1 /* CreditDataClient.swift in Sources */ = {isa = PBXBuildFile; fileRef = 9D426A9D279A4D20002EC1C1 /* CreditDataClient.swift */; };
		9D47D195279E23CC0071E814 /* DetailsViewController.swift in Sources */ = {isa = PBXBuildFile; fileRef = 9D47D194279E23CC0071E814 /* DetailsViewController.swift */; };
		9D47D19C279E29C70071E814 /* Storyboarded.swift in Sources */ = {isa = PBXBuildFile; fileRef = 9D47D19B279E29C70071E814 /* Storyboarded.swift */; };
		9D47D19E279E38F30071E814 /* UIKit-Extensions.swift in Sources */ = {isa = PBXBuildFile; fileRef = 9D47D19D279E38F30071E814 /* UIKit-Extensions.swift */; };
		9DEC4E52279F132500A9C4C5 /* MainCoordinator.swift in Sources */ = {isa = PBXBuildFile; fileRef = 9DEC4E51279F132500A9C4C5 /* MainCoordinator.swift */; };
		9DEC4E54279F2AE400A9C4C5 /* DetailsViewModel.swift in Sources */ = {isa = PBXBuildFile; fileRef = 9DEC4E53279F2AE400A9C4C5 /* DetailsViewModel.swift */; };
		9DEC4E56279F2F9300A9C4C5 /* MockAPIClient.swift in Sources */ = {isa = PBXBuildFile; fileRef = 9DEC4E55279F2F9300A9C4C5 /* MockAPIClient.swift */; };
		9DEC4E5D279F38CA00A9C4C5 /* CreditHistoryViewModelTests.swift in Sources */ = {isa = PBXBuildFile; fileRef = 9DEC4E5C279F38CA00A9C4C5 /* CreditHistoryViewModelTests.swift */; platformFilter = ios; };
		9DEC4E5F279F6FD700A9C4C5 /* APIClientTests.swift in Sources */ = {isa = PBXBuildFile; fileRef = 9DEC4E5E279F6FD700A9C4C5 /* APIClientTests.swift */; };
/* End PBXBuildFile section */

/* Begin PBXContainerItemProxy section */
		9D426A66279A3CD6002EC1C1 /* PBXContainerItemProxy */ = {
			isa = PBXContainerItemProxy;
			containerPortal = 9D426A47279A3CD4002EC1C1 /* Project object */;
			proxyType = 1;
			remoteGlobalIDString = 9D426A4E279A3CD4002EC1C1;
			remoteInfo = ClearScoreInterview;
		};
		9D426A70279A3CD6002EC1C1 /* PBXContainerItemProxy */ = {
			isa = PBXContainerItemProxy;
			containerPortal = 9D426A47279A3CD4002EC1C1 /* Project object */;
			proxyType = 1;
			remoteGlobalIDString = 9D426A4E279A3CD4002EC1C1;
			remoteInfo = ClearScoreInterview;
		};
/* End PBXContainerItemProxy section */

/* Begin PBXFileReference section */
		9D29CB90279C6D48001FC7EF /* CustomView.swift */ = {isa = PBXFileReference; lastKnownFileType = sourcecode.swift; path = CustomView.swift; sourceTree = "<group>"; };
		9D426A4F279A3CD4002EC1C1 /* ClearScoreInterview.app */ = {isa = PBXFileReference; explicitFileType = wrapper.application; includeInIndex = 0; path = ClearScoreInterview.app; sourceTree = BUILT_PRODUCTS_DIR; };
		9D426A52279A3CD5002EC1C1 /* AppDelegate.swift */ = {isa = PBXFileReference; lastKnownFileType = sourcecode.swift; path = AppDelegate.swift; sourceTree = "<group>"; };
		9D426A54279A3CD5002EC1C1 /* SceneDelegate.swift */ = {isa = PBXFileReference; lastKnownFileType = sourcecode.swift; path = SceneDelegate.swift; sourceTree = "<group>"; };
		9D426A59279A3CD5002EC1C1 /* Base */ = {isa = PBXFileReference; lastKnownFileType = file.storyboard; name = Base; path = Base.lproj/Main.storyboard; sourceTree = "<group>"; };
		9D426A5B279A3CD6002EC1C1 /* Assets.xcassets */ = {isa = PBXFileReference; lastKnownFileType = folder.assetcatalog; path = Assets.xcassets; sourceTree = "<group>"; };
		9D426A5E279A3CD6002EC1C1 /* Base */ = {isa = PBXFileReference; lastKnownFileType = file.storyboard; name = Base; path = Base.lproj/LaunchScreen.storyboard; sourceTree = "<group>"; };
		9D426A60279A3CD6002EC1C1 /* Info.plist */ = {isa = PBXFileReference; lastKnownFileType = text.plist.xml; path = Info.plist; sourceTree = "<group>"; };
		9D426A65279A3CD6002EC1C1 /* ClearScoreInterviewTests.xctest */ = {isa = PBXFileReference; explicitFileType = wrapper.cfbundle; includeInIndex = 0; path = ClearScoreInterviewTests.xctest; sourceTree = BUILT_PRODUCTS_DIR; };
		9D426A6F279A3CD6002EC1C1 /* ClearScoreInterviewUITests.xctest */ = {isa = PBXFileReference; explicitFileType = wrapper.cfbundle; includeInIndex = 0; path = ClearScoreInterviewUITests.xctest; sourceTree = BUILT_PRODUCTS_DIR; };
		9D426A73279A3CD6002EC1C1 /* ClearScoreInterviewUITests.swift */ = {isa = PBXFileReference; lastKnownFileType = sourcecode.swift; path = ClearScoreInterviewUITests.swift; sourceTree = "<group>"; };
		9D426A75279A3CD6002EC1C1 /* ClearScoreInterviewUITestsLaunchTests.swift */ = {isa = PBXFileReference; lastKnownFileType = sourcecode.swift; path = ClearScoreInterviewUITestsLaunchTests.swift; sourceTree = "<group>"; };
		9D426A85279A3F97002EC1C1 /* data.json */ = {isa = PBXFileReference; fileEncoding = 4; lastKnownFileType = text.json; path = data.json; sourceTree = "<group>"; };
		9D426A88279A405E002EC1C1 /* DonutView.xib */ = {isa = PBXFileReference; lastKnownFileType = file.xib; path = DonutView.xib; sourceTree = "<group>"; };
		9D426A8A279A4082002EC1C1 /* DonutView.swift */ = {isa = PBXFileReference; lastKnownFileType = sourcecode.swift; path = DonutView.swift; sourceTree = "<group>"; };
		9D426A8E279A433F002EC1C1 /* CreditScoreViewController.swift */ = {isa = PBXFileReference; lastKnownFileType = sourcecode.swift; path = CreditScoreViewController.swift; sourceTree = "<group>"; };
		9D426A91279A437E002EC1C1 /* AppConstants.swift */ = {isa = PBXFileReference; lastKnownFileType = sourcecode.swift; path = AppConstants.swift; sourceTree = "<group>"; };
		9D426A95279A47DA002EC1C1 /* CreditReportInfo.swift */ = {isa = PBXFileReference; lastKnownFileType = sourcecode.swift; path = CreditReportInfo.swift; sourceTree = "<group>"; };
		9D426A97279A47F8002EC1C1 /* CaochingSummary.swift */ = {isa = PBXFileReference; lastKnownFileType = sourcecode.swift; path = CaochingSummary.swift; sourceTree = "<group>"; };
		9D426A99279A4847002EC1C1 /* CreditHistory.swift */ = {isa = PBXFileReference; lastKnownFileType = sourcecode.swift; path = CreditHistory.swift; sourceTree = "<group>"; };
		9D426A9B279A4B0B002EC1C1 /* CreditScoreViewModel.swift */ = {isa = PBXFileReference; lastKnownFileType = sourcecode.swift; path = CreditScoreViewModel.swift; sourceTree = "<group>"; };
		9D426A9D279A4D20002EC1C1 /* CreditDataClient.swift */ = {isa = PBXFileReference; lastKnownFileType = sourcecode.swift; path = CreditDataClient.swift; sourceTree = "<group>"; };
		9D47D194279E23CC0071E814 /* DetailsViewController.swift */ = {isa = PBXFileReference; lastKnownFileType = sourcecode.swift; path = DetailsViewController.swift; sourceTree = "<group>"; };
		9D47D19B279E29C70071E814 /* Storyboarded.swift */ = {isa = PBXFileReference; lastKnownFileType = sourcecode.swift; path = Storyboarded.swift; sourceTree = "<group>"; };
		9D47D19D279E38F30071E814 /* UIKit-Extensions.swift */ = {isa = PBXFileReference; lastKnownFileType = sourcecode.swift; path = "UIKit-Extensions.swift"; sourceTree = "<group>"; };
		9DEC4E51279F132500A9C4C5 /* MainCoordinator.swift */ = {isa = PBXFileReference; lastKnownFileType = sourcecode.swift; path = MainCoordinator.swift; sourceTree = "<group>"; };
		9DEC4E53279F2AE400A9C4C5 /* DetailsViewModel.swift */ = {isa = PBXFileReference; lastKnownFileType = sourcecode.swift; path = DetailsViewModel.swift; sourceTree = "<group>"; };
		9DEC4E55279F2F9300A9C4C5 /* MockAPIClient.swift */ = {isa = PBXFileReference; lastKnownFileType = sourcecode.swift; path = MockAPIClient.swift; sourceTree = "<group>"; };
		9DEC4E5C279F38CA00A9C4C5 /* CreditHistoryViewModelTests.swift */ = {isa = PBXFileReference; lastKnownFileType = sourcecode.swift; path = CreditHistoryViewModelTests.swift; sourceTree = "<group>"; };
		9DEC4E5E279F6FD700A9C4C5 /* APIClientTests.swift */ = {isa = PBXFileReference; lastKnownFileType = sourcecode.swift; path = APIClientTests.swift; sourceTree = "<group>"; };
/* End PBXFileReference section */

/* Begin PBXFrameworksBuildPhase section */
		9D426A4C279A3CD4002EC1C1 /* Frameworks */ = {
			isa = PBXFrameworksBuildPhase;
			buildActionMask = 2147483647;
			files = (
			);
			runOnlyForDeploymentPostprocessing = 0;
		};
		9D426A62279A3CD6002EC1C1 /* Frameworks */ = {
			isa = PBXFrameworksBuildPhase;
			buildActionMask = 2147483647;
			files = (
			);
			runOnlyForDeploymentPostprocessing = 0;
		};
		9D426A6C279A3CD6002EC1C1 /* Frameworks */ = {
			isa = PBXFrameworksBuildPhase;
			buildActionMask = 2147483647;
			files = (
			);
			runOnlyForDeploymentPostprocessing = 0;
		};
/* End PBXFrameworksBuildPhase section */

/* Begin PBXGroup section */
		9D29CB92279C86B1001FC7EF /* DonutView */ = {
			isa = PBXGroup;
			children = (
				9D426A88279A405E002EC1C1 /* DonutView.xib */,
				9D426A8A279A4082002EC1C1 /* DonutView.swift */,
			);
			path = DonutView;
			sourceTree = "<group>";
		};
		9D426A46279A3CD4002EC1C1 = {
			isa = PBXGroup;
			children = (
				9D426A51279A3CD4002EC1C1 /* ClearScoreInterview */,
				9D426A68279A3CD6002EC1C1 /* ClearScoreInterviewTests */,
				9D426A72279A3CD6002EC1C1 /* ClearScoreInterviewUITests */,
				9D426A50279A3CD4002EC1C1 /* Products */,
			);
			sourceTree = "<group>";
		};
		9D426A50279A3CD4002EC1C1 /* Products */ = {
			isa = PBXGroup;
			children = (
				9D426A4F279A3CD4002EC1C1 /* ClearScoreInterview.app */,
				9D426A65279A3CD6002EC1C1 /* ClearScoreInterviewTests.xctest */,
				9D426A6F279A3CD6002EC1C1 /* ClearScoreInterviewUITests.xctest */,
			);
			name = Products;
			sourceTree = "<group>";
		};
		9D426A51279A3CD4002EC1C1 /* ClearScoreInterview */ = {
			isa = PBXGroup;
			children = (
				9D426A52279A3CD5002EC1C1 /* AppDelegate.swift */,
				9D426A54279A3CD5002EC1C1 /* SceneDelegate.swift */,
				9D426A90279A4363002EC1C1 /* Helpers */,
				9D426A84279A3E68002EC1C1 /* Models */,
				9D426A83279A3E61002EC1C1 /* ViewModels */,
				9D426A82279A3E4A002EC1C1 /* ViewControllers */,
				9D426A87279A4025002EC1C1 /* CustomViews */,
				9D426A58279A3CD5002EC1C1 /* Main.storyboard */,
				9D426A5D279A3CD6002EC1C1 /* LaunchScreen.storyboard */,
				9D426A5B279A3CD6002EC1C1 /* Assets.xcassets */,
				9D426A85279A3F97002EC1C1 /* data.json */,
				9D426A60279A3CD6002EC1C1 /* Info.plist */,
			);
			path = ClearScoreInterview;
			sourceTree = "<group>";
		};
		9D426A68279A3CD6002EC1C1 /* ClearScoreInterviewTests */ = {
			isa = PBXGroup;
			children = (
				9DEC4E5C279F38CA00A9C4C5 /* CreditHistoryViewModelTests.swift */,
				9DEC4E5E279F6FD700A9C4C5 /* APIClientTests.swift */,
			);
			path = ClearScoreInterviewTests;
			sourceTree = "<group>";
		};
		9D426A72279A3CD6002EC1C1 /* ClearScoreInterviewUITests */ = {
			isa = PBXGroup;
			children = (
				9D426A73279A3CD6002EC1C1 /* ClearScoreInterviewUITests.swift */,
				9D426A75279A3CD6002EC1C1 /* ClearScoreInterviewUITestsLaunchTests.swift */,
			);
			path = ClearScoreInterviewUITests;
			sourceTree = "<group>";
		};
		9D426A82279A3E4A002EC1C1 /* ViewControllers */ = {
			isa = PBXGroup;
			children = (
				9D426A8E279A433F002EC1C1 /* CreditScoreViewController.swift */,
				9D47D194279E23CC0071E814 /* DetailsViewController.swift */,
			);
			path = ViewControllers;
			sourceTree = "<group>";
		};
		9D426A83279A3E61002EC1C1 /* ViewModels */ = {
			isa = PBXGroup;
			children = (
				9D426A9B279A4B0B002EC1C1 /* CreditScoreViewModel.swift */,
				9DEC4E53279F2AE400A9C4C5 /* DetailsViewModel.swift */,
			);
			path = ViewModels;
			sourceTree = "<group>";
		};
		9D426A84279A3E68002EC1C1 /* Models */ = {
			isa = PBXGroup;
			children = (
				9D426A99279A4847002EC1C1 /* CreditHistory.swift */,
				9D426A95279A47DA002EC1C1 /* CreditReportInfo.swift */,
				9D426A97279A47F8002EC1C1 /* CaochingSummary.swift */,
			);
			path = Models;
			sourceTree = "<group>";
		};
		9D426A87279A4025002EC1C1 /* CustomViews */ = {
			isa = PBXGroup;
			children = (
				9D29CB92279C86B1001FC7EF /* DonutView */,
			);
			path = CustomViews;
			sourceTree = "<group>";
		};
		9D426A90279A4363002EC1C1 /* Helpers */ = {
			isa = PBXGroup;
			children = (
				9D47D19B279E29C70071E814 /* Storyboarded.swift */,
				9D426A91279A437E002EC1C1 /* AppConstants.swift */,
				9D426A9D279A4D20002EC1C1 /* CreditDataClient.swift */,
				9D29CB90279C6D48001FC7EF /* CustomView.swift */,
				9D47D19D279E38F30071E814 /* UIKit-Extensions.swift */,
				9DEC4E51279F132500A9C4C5 /* MainCoordinator.swift */,
				9DEC4E55279F2F9300A9C4C5 /* MockAPIClient.swift */,
			);
			path = Helpers;
			sourceTree = "<group>";
		};
/* End PBXGroup section */

/* Begin PBXNativeTarget section */
		9D426A4E279A3CD4002EC1C1 /* ClearScoreInterview */ = {
			isa = PBXNativeTarget;
			buildConfigurationList = 9D426A79279A3CD6002EC1C1 /* Build configuration list for PBXNativeTarget "ClearScoreInterview" */;
			buildPhases = (
				9D426A4B279A3CD4002EC1C1 /* Sources */,
				9D426A4C279A3CD4002EC1C1 /* Frameworks */,
				9D426A4D279A3CD4002EC1C1 /* Resources */,
			);
			buildRules = (
			);
			dependencies = (
			);
			name = ClearScoreInterview;
			productName = ClearScoreInterview;
			productReference = 9D426A4F279A3CD4002EC1C1 /* ClearScoreInterview.app */;
			productType = "com.apple.product-type.application";
		};
		9D426A64279A3CD6002EC1C1 /* ClearScoreInterviewTests */ = {
			isa = PBXNativeTarget;
			buildConfigurationList = 9D426A7C279A3CD6002EC1C1 /* Build configuration list for PBXNativeTarget "ClearScoreInterviewTests" */;
			buildPhases = (
				9D426A61279A3CD6002EC1C1 /* Sources */,
				9D426A62279A3CD6002EC1C1 /* Frameworks */,
				9D426A63279A3CD6002EC1C1 /* Resources */,
			);
			buildRules = (
			);
			dependencies = (
				9D426A67279A3CD6002EC1C1 /* PBXTargetDependency */,
			);
			name = ClearScoreInterviewTests;
			productName = ClearScoreInterviewTests;
			productReference = 9D426A65279A3CD6002EC1C1 /* ClearScoreInterviewTests.xctest */;
			productType = "com.apple.product-type.bundle.unit-test";
		};
		9D426A6E279A3CD6002EC1C1 /* ClearScoreInterviewUITests */ = {
			isa = PBXNativeTarget;
			buildConfigurationList = 9D426A7F279A3CD6002EC1C1 /* Build configuration list for PBXNativeTarget "ClearScoreInterviewUITests" */;
			buildPhases = (
				9D426A6B279A3CD6002EC1C1 /* Sources */,
				9D426A6C279A3CD6002EC1C1 /* Frameworks */,
				9D426A6D279A3CD6002EC1C1 /* Resources */,
			);
			buildRules = (
			);
			dependencies = (
				9D426A71279A3CD6002EC1C1 /* PBXTargetDependency */,
			);
			name = ClearScoreInterviewUITests;
			productName = ClearScoreInterviewUITests;
			productReference = 9D426A6F279A3CD6002EC1C1 /* ClearScoreInterviewUITests.xctest */;
			productType = "com.apple.product-type.bundle.ui-testing";
		};
/* End PBXNativeTarget section */

/* Begin PBXProject section */
		9D426A47279A3CD4002EC1C1 /* Project object */ = {
			isa = PBXProject;
			attributes = {
				BuildIndependentTargetsInParallel = 1;
				LastSwiftUpdateCheck = 1310;
				LastUpgradeCheck = 1310;
				TargetAttributes = {
					9D426A4E279A3CD4002EC1C1 = {
						CreatedOnToolsVersion = 13.1;
					};
					9D426A64279A3CD6002EC1C1 = {
						CreatedOnToolsVersion = 13.1;
						LastSwiftMigration = 1310;
						TestTargetID = 9D426A4E279A3CD4002EC1C1;
					};
					9D426A6E279A3CD6002EC1C1 = {
						CreatedOnToolsVersion = 13.1;
						TestTargetID = 9D426A4E279A3CD4002EC1C1;
					};
				};
			};
			buildConfigurationList = 9D426A4A279A3CD4002EC1C1 /* Build configuration list for PBXProject "ClearScoreInterview" */;
			compatibilityVersion = "Xcode 13.0";
			developmentRegion = en;
			hasScannedForEncodings = 0;
			knownRegions = (
				en,
				Base,
			);
			mainGroup = 9D426A46279A3CD4002EC1C1;
			productRefGroup = 9D426A50279A3CD4002EC1C1 /* Products */;
			projectDirPath = "";
			projectRoot = "";
			targets = (
				9D426A4E279A3CD4002EC1C1 /* ClearScoreInterview */,
				9D426A64279A3CD6002EC1C1 /* ClearScoreInterviewTests */,
				9D426A6E279A3CD6002EC1C1 /* ClearScoreInterviewUITests */,
			);
		};
/* End PBXProject section */

/* Begin PBXResourcesBuildPhase section */
		9D426A4D279A3CD4002EC1C1 /* Resources */ = {
			isa = PBXResourcesBuildPhase;
			buildActionMask = 2147483647;
			files = (
				9D426A5F279A3CD6002EC1C1 /* LaunchScreen.storyboard in Resources */,
				9D426A5C279A3CD6002EC1C1 /* Assets.xcassets in Resources */,
				9D426A5A279A3CD5002EC1C1 /* Main.storyboard in Resources */,
				9D426A86279A3F97002EC1C1 /* data.json in Resources */,
				9D426A89279A405E002EC1C1 /* DonutView.xib in Resources */,
			);
			runOnlyForDeploymentPostprocessing = 0;
		};
		9D426A63279A3CD6002EC1C1 /* Resources */ = {
			isa = PBXResourcesBuildPhase;
			buildActionMask = 2147483647;
			files = (
			);
			runOnlyForDeploymentPostprocessing = 0;
		};
		9D426A6D279A3CD6002EC1C1 /* Resources */ = {
			isa = PBXResourcesBuildPhase;
			buildActionMask = 2147483647;
			files = (
			);
			runOnlyForDeploymentPostprocessing = 0;
		};
/* End PBXResourcesBuildPhase section */

/* Begin PBXSourcesBuildPhase section */
		9D426A4B279A3CD4002EC1C1 /* Sources */ = {
			isa = PBXSourcesBuildPhase;
			buildActionMask = 2147483647;
			files = (
				9D426A53279A3CD5002EC1C1 /* AppDelegate.swift in Sources */,
				9D426A9E279A4D20002EC1C1 /* CreditDataClient.swift in Sources */,
				9DEC4E56279F2F9300A9C4C5 /* MockAPIClient.swift in Sources */,
				9D426A98279A47F8002EC1C1 /* CaochingSummary.swift in Sources */,
				9DEC4E54279F2AE400A9C4C5 /* DetailsViewModel.swift in Sources */,
				9D426A92279A437E002EC1C1 /* AppConstants.swift in Sources */,
				9D426A96279A47DA002EC1C1 /* CreditReportInfo.swift in Sources */,
				9D426A9A279A4847002EC1C1 /* CreditHistory.swift in Sources */,
				9D426A9C279A4B0B002EC1C1 /* CreditScoreViewModel.swift in Sources */,
				9D426A8F279A433F002EC1C1 /* CreditScoreViewController.swift in Sources */,
				9DEC4E52279F132500A9C4C5 /* MainCoordinator.swift in Sources */,
				9D29CB91279C6D48001FC7EF /* CustomView.swift in Sources */,
				9D426A55279A3CD5002EC1C1 /* SceneDelegate.swift in Sources */,
				9D426A8B279A4082002EC1C1 /* DonutView.swift in Sources */,
				9D47D195279E23CC0071E814 /* DetailsViewController.swift in Sources */,
				9D47D19C279E29C70071E814 /* Storyboarded.swift in Sources */,
				9D47D19E279E38F30071E814 /* UIKit-Extensions.swift in Sources */,
			);
			runOnlyForDeploymentPostprocessing = 0;
		};
		9D426A61279A3CD6002EC1C1 /* Sources */ = {
			isa = PBXSourcesBuildPhase;
			buildActionMask = 2147483647;
			files = (
				9DEC4E5D279F38CA00A9C4C5 /* CreditHistoryViewModelTests.swift in Sources */,
				9DEC4E5F279F6FD700A9C4C5 /* APIClientTests.swift in Sources */,
			);
			runOnlyForDeploymentPostprocessing = 0;
		};
		9D426A6B279A3CD6002EC1C1 /* Sources */ = {
			isa = PBXSourcesBuildPhase;
			buildActionMask = 2147483647;
			files = (
				9D426A74279A3CD6002EC1C1 /* ClearScoreInterviewUITests.swift in Sources */,
				9D426A76279A3CD6002EC1C1 /* ClearScoreInterviewUITestsLaunchTests.swift in Sources */,
			);
			runOnlyForDeploymentPostprocessing = 0;
		};
/* End PBXSourcesBuildPhase section */

/* Begin PBXTargetDependency section */
		9D426A67279A3CD6002EC1C1 /* PBXTargetDependency */ = {
			isa = PBXTargetDependency;
			platformFilter = ios;
			target = 9D426A4E279A3CD4002EC1C1 /* ClearScoreInterview */;
			targetProxy = 9D426A66279A3CD6002EC1C1 /* PBXContainerItemProxy */;
		};
		9D426A71279A3CD6002EC1C1 /* PBXTargetDependency */ = {
			isa = PBXTargetDependency;
			target = 9D426A4E279A3CD4002EC1C1 /* ClearScoreInterview */;
			targetProxy = 9D426A70279A3CD6002EC1C1 /* PBXContainerItemProxy */;
		};
/* End PBXTargetDependency section */

/* Begin PBXVariantGroup section */
		9D426A58279A3CD5002EC1C1 /* Main.storyboard */ = {
			isa = PBXVariantGroup;
			children = (
				9D426A59279A3CD5002EC1C1 /* Base */,
			);
			name = Main.storyboard;
			sourceTree = "<group>";
		};
		9D426A5D279A3CD6002EC1C1 /* LaunchScreen.storyboard */ = {
			isa = PBXVariantGroup;
			children = (
				9D426A5E279A3CD6002EC1C1 /* Base */,
			);
			name = LaunchScreen.storyboard;
			sourceTree = "<group>";
		};
/* End PBXVariantGroup section */

/* Begin XCBuildConfiguration section */
		9D426A77279A3CD6002EC1C1 /* Debug */ = {
			isa = XCBuildConfiguration;
			buildSettings = {
				ALWAYS_SEARCH_USER_PATHS = NO;
				CLANG_ANALYZER_NONNULL = YES;
				CLANG_ANALYZER_NUMBER_OBJECT_CONVERSION = YES_AGGRESSIVE;
				CLANG_CXX_LANGUAGE_STANDARD = "gnu++17";
				CLANG_CXX_LIBRARY = "libc++";
				CLANG_ENABLE_MODULES = YES;
				CLANG_ENABLE_OBJC_ARC = YES;
				CLANG_ENABLE_OBJC_WEAK = YES;
				CLANG_WARN_BLOCK_CAPTURE_AUTORELEASING = YES;
				CLANG_WARN_BOOL_CONVERSION = YES;
				CLANG_WARN_COMMA = YES;
				CLANG_WARN_CONSTANT_CONVERSION = YES;
				CLANG_WARN_DEPRECATED_OBJC_IMPLEMENTATIONS = YES;
				CLANG_WARN_DIRECT_OBJC_ISA_USAGE = YES_ERROR;
				CLANG_WARN_DOCUMENTATION_COMMENTS = YES;
				CLANG_WARN_EMPTY_BODY = YES;
				CLANG_WARN_ENUM_CONVERSION = YES;
				CLANG_WARN_INFINITE_RECURSION = YES;
				CLANG_WARN_INT_CONVERSION = YES;
				CLANG_WARN_NON_LITERAL_NULL_CONVERSION = YES;
				CLANG_WARN_OBJC_IMPLICIT_RETAIN_SELF = YES;
				CLANG_WARN_OBJC_LITERAL_CONVERSION = YES;
				CLANG_WARN_OBJC_ROOT_CLASS = YES_ERROR;
				CLANG_WARN_QUOTED_INCLUDE_IN_FRAMEWORK_HEADER = YES;
				CLANG_WARN_RANGE_LOOP_ANALYSIS = YES;
				CLANG_WARN_STRICT_PROTOTYPES = YES;
				CLANG_WARN_SUSPICIOUS_MOVE = YES;
				CLANG_WARN_UNGUARDED_AVAILABILITY = YES_AGGRESSIVE;
				CLANG_WARN_UNREACHABLE_CODE = YES;
				CLANG_WARN__DUPLICATE_METHOD_MATCH = YES;
				CODE_SIGN_IDENTITY = "";
				COPY_PHASE_STRIP = NO;
				DEBUG_INFORMATION_FORMAT = dwarf;
				ENABLE_STRICT_OBJC_MSGSEND = YES;
				ENABLE_TESTABILITY = YES;
				GCC_C_LANGUAGE_STANDARD = gnu11;
				GCC_DYNAMIC_NO_PIC = NO;
				GCC_NO_COMMON_BLOCKS = YES;
				GCC_OPTIMIZATION_LEVEL = 0;
				GCC_PREPROCESSOR_DEFINITIONS = (
					"DEBUG=1",
					"$(inherited)",
				);
				GCC_WARN_64_TO_32_BIT_CONVERSION = YES;
				GCC_WARN_ABOUT_RETURN_TYPE = YES_ERROR;
				GCC_WARN_UNDECLARED_SELECTOR = YES;
				GCC_WARN_UNINITIALIZED_AUTOS = YES_AGGRESSIVE;
				GCC_WARN_UNUSED_FUNCTION = YES;
				GCC_WARN_UNUSED_VARIABLE = YES;
				IPHONEOS_DEPLOYMENT_TARGET = 15.0;
				MTL_ENABLE_DEBUG_INFO = INCLUDE_SOURCE;
				MTL_FAST_MATH = YES;
				ONLY_ACTIVE_ARCH = YES;
				SDKROOT = iphoneos;
				SWIFT_ACTIVE_COMPILATION_CONDITIONS = DEBUG;
				SWIFT_OPTIMIZATION_LEVEL = "-Onone";
			};
			name = Debug;
		};
		9D426A78279A3CD6002EC1C1 /* Release */ = {
			isa = XCBuildConfiguration;
			buildSettings = {
				ALWAYS_SEARCH_USER_PATHS = NO;
				CLANG_ANALYZER_NONNULL = YES;
				CLANG_ANALYZER_NUMBER_OBJECT_CONVERSION = YES_AGGRESSIVE;
				CLANG_CXX_LANGUAGE_STANDARD = "gnu++17";
				CLANG_CXX_LIBRARY = "libc++";
				CLANG_ENABLE_MODULES = YES;
				CLANG_ENABLE_OBJC_ARC = YES;
				CLANG_ENABLE_OBJC_WEAK = YES;
				CLANG_WARN_BLOCK_CAPTURE_AUTORELEASING = YES;
				CLANG_WARN_BOOL_CONVERSION = YES;
				CLANG_WARN_COMMA = YES;
				CLANG_WARN_CONSTANT_CONVERSION = YES;
				CLANG_WARN_DEPRECATED_OBJC_IMPLEMENTATIONS = YES;
				CLANG_WARN_DIRECT_OBJC_ISA_USAGE = YES_ERROR;
				CLANG_WARN_DOCUMENTATION_COMMENTS = YES;
				CLANG_WARN_EMPTY_BODY = YES;
				CLANG_WARN_ENUM_CONVERSION = YES;
				CLANG_WARN_INFINITE_RECURSION = YES;
				CLANG_WARN_INT_CONVERSION = YES;
				CLANG_WARN_NON_LITERAL_NULL_CONVERSION = YES;
				CLANG_WARN_OBJC_IMPLICIT_RETAIN_SELF = YES;
				CLANG_WARN_OBJC_LITERAL_CONVERSION = YES;
				CLANG_WARN_OBJC_ROOT_CLASS = YES_ERROR;
				CLANG_WARN_QUOTED_INCLUDE_IN_FRAMEWORK_HEADER = YES;
				CLANG_WARN_RANGE_LOOP_ANALYSIS = YES;
				CLANG_WARN_STRICT_PROTOTYPES = YES;
				CLANG_WARN_SUSPICIOUS_MOVE = YES;
				CLANG_WARN_UNGUARDED_AVAILABILITY = YES_AGGRESSIVE;
				CLANG_WARN_UNREACHABLE_CODE = YES;
				CLANG_WARN__DUPLICATE_METHOD_MATCH = YES;
				CODE_SIGN_IDENTITY = "";
				COPY_PHASE_STRIP = NO;
				DEBUG_INFORMATION_FORMAT = "dwarf-with-dsym";
				ENABLE_NS_ASSERTIONS = NO;
				ENABLE_STRICT_OBJC_MSGSEND = YES;
				GCC_C_LANGUAGE_STANDARD = gnu11;
				GCC_NO_COMMON_BLOCKS = YES;
				GCC_WARN_64_TO_32_BIT_CONVERSION = YES;
				GCC_WARN_ABOUT_RETURN_TYPE = YES_ERROR;
				GCC_WARN_UNDECLARED_SELECTOR = YES;
				GCC_WARN_UNINITIALIZED_AUTOS = YES_AGGRESSIVE;
				GCC_WARN_UNUSED_FUNCTION = YES;
				GCC_WARN_UNUSED_VARIABLE = YES;
				IPHONEOS_DEPLOYMENT_TARGET = 15.0;
				MTL_ENABLE_DEBUG_INFO = NO;
				MTL_FAST_MATH = YES;
				SDKROOT = iphoneos;
				SWIFT_COMPILATION_MODE = wholemodule;
				SWIFT_OPTIMIZATION_LEVEL = "-O";
				VALIDATE_PRODUCT = YES;
			};
			name = Release;
		};
		9D426A7A279A3CD6002EC1C1 /* Debug */ = {
			isa = XCBuildConfiguration;
			buildSettings = {
				ASSETCATALOG_COMPILER_APPICON_NAME = AppIcon;
				ASSETCATALOG_COMPILER_GLOBAL_ACCENT_COLOR_NAME = AccentColor;
				CODE_SIGN_STYLE = Automatic;
				CURRENT_PROJECT_VERSION = 1;
				DEVELOPMENT_TEAM = 2ZBUJ7G4T5;
				GENERATE_INFOPLIST_FILE = YES;
				INFOPLIST_FILE = ClearScoreInterview/Info.plist;
				INFOPLIST_KEY_UIApplicationSupportsIndirectInputEvents = YES;
				INFOPLIST_KEY_UILaunchStoryboardName = LaunchScreen;
				INFOPLIST_KEY_UISupportedInterfaceOrientations_iPad = "UIInterfaceOrientationPortrait UIInterfaceOrientationPortraitUpsideDown UIInterfaceOrientationLandscapeLeft UIInterfaceOrientationLandscapeRight";
				INFOPLIST_KEY_UISupportedInterfaceOrientations_iPhone = "UIInterfaceOrientationPortrait UIInterfaceOrientationLandscapeLeft UIInterfaceOrientationLandscapeRight";
				LD_RUNPATH_SEARCH_PATHS = (
					"$(inherited)",
					"@executable_path/Frameworks",
				);
				MARKETING_VERSION = 1.0;
				PRODUCT_BUNDLE_IDENTIFIER = com.bassbroapps.ClearScoreInterview;
				PRODUCT_NAME = "$(TARGET_NAME)";
				SWIFT_EMIT_LOC_STRINGS = YES;
				SWIFT_VERSION = 5.0;
				TARGETED_DEVICE_FAMILY = 1;
			};
			name = Debug;
		};
		9D426A7B279A3CD6002EC1C1 /* Release */ = {
			isa = XCBuildConfiguration;
			buildSettings = {
				ASSETCATALOG_COMPILER_APPICON_NAME = AppIcon;
				ASSETCATALOG_COMPILER_GLOBAL_ACCENT_COLOR_NAME = AccentColor;
				CODE_SIGN_STYLE = Automatic;
				CURRENT_PROJECT_VERSION = 1;
				DEVELOPMENT_TEAM = "";
				GENERATE_INFOPLIST_FILE = YES;
				INFOPLIST_FILE = ClearScoreInterview/Info.plist;
				INFOPLIST_KEY_UIApplicationSupportsIndirectInputEvents = YES;
				INFOPLIST_KEY_UILaunchStoryboardName = LaunchScreen;
				INFOPLIST_KEY_UISupportedInterfaceOrientations_iPad = "UIInterfaceOrientationPortrait UIInterfaceOrientationPortraitUpsideDown UIInterfaceOrientationLandscapeLeft UIInterfaceOrientationLandscapeRight";
				INFOPLIST_KEY_UISupportedInterfaceOrientations_iPhone = "UIInterfaceOrientationPortrait UIInterfaceOrientationLandscapeLeft UIInterfaceOrientationLandscapeRight";
				LD_RUNPATH_SEARCH_PATHS = (
					"$(inherited)",
					"@executable_path/Frameworks",
				);
				MARKETING_VERSION = 1.0;
				PRODUCT_BUNDLE_IDENTIFIER = com.bassbroapps.ClearScoreInterview;
				PRODUCT_NAME = "$(TARGET_NAME)";
				SWIFT_EMIT_LOC_STRINGS = YES;
				SWIFT_VERSION = 5.0;
				TARGETED_DEVICE_FAMILY = 1;
			};
			name = Release;
		};
		9D426A7D279A3CD6002EC1C1 /* Debug */ = {
			isa = XCBuildConfiguration;
			buildSettings = {
				ALWAYS_EMBED_SWIFT_STANDARD_LIBRARIES = YES;
				BUNDLE_LOADER = "$(TEST_HOST)";
				CLANG_ENABLE_MODULES = YES;
				CODE_SIGN_STYLE = Automatic;
				CURRENT_PROJECT_VERSION = 1;
				DEVELOPMENT_TEAM = 2ZBUJ7G4T5;
				GENERATE_INFOPLIST_FILE = YES;
				IPHONEOS_DEPLOYMENT_TARGET = 15.0;
				LD_RUNPATH_SEARCH_PATHS = (
					"$(inherited)",
					"@executable_path/Frameworks",
					"@loader_path/Frameworks",
				);
				MARKETING_VERSION = 1.0;
				PRECOMPS_INCLUDE_HEADERS_FROM_BUILT_PRODUCTS_DIR = YES;
				PRODUCT_BUNDLE_IDENTIFIER = com.bassbroapps.ClearScoreInterviewTests;
				PRODUCT_NAME = "$(TARGET_NAME)";
				SWIFT_EMIT_LOC_STRINGS = NO;
				SWIFT_OBJC_BRIDGING_HEADER = "";
				SWIFT_OPTIMIZATION_LEVEL = "-Onone";
				SWIFT_PRECOMPILE_BRIDGING_HEADER = NO;
				SWIFT_VERSION = 5.0;
				TARGETED_DEVICE_FAMILY = "1,2";
				TEST_HOST = "$(BUILT_PRODUCTS_DIR)/ClearScoreInterview.app/ClearScoreInterview";
			};
			name = Debug;
		};
		9D426A7E279A3CD6002EC1C1 /* Release */ = {
			isa = XCBuildConfiguration;
			buildSettings = {
				ALWAYS_EMBED_SWIFT_STANDARD_LIBRARIES = YES;
				BUNDLE_LOADER = "$(TEST_HOST)";
				CLANG_ENABLE_MODULES = YES;
				CODE_SIGN_STYLE = Automatic;
				CURRENT_PROJECT_VERSION = 1;
				DEVELOPMENT_TEAM = 2ZBUJ7G4T5;
				GENERATE_INFOPLIST_FILE = YES;
				IPHONEOS_DEPLOYMENT_TARGET = 15.0;
				LD_RUNPATH_SEARCH_PATHS = (
					"$(inherited)",
					"@executable_path/Frameworks",
					"@loader_path/Frameworks",
				);
				MARKETING_VERSION = 1.0;
				PRECOMPS_INCLUDE_HEADERS_FROM_BUILT_PRODUCTS_DIR = YES;
				PRODUCT_BUNDLE_IDENTIFIER = com.bassbroapps.ClearScoreInterviewTests;
				PRODUCT_NAME = "$(TARGET_NAME)";
				SWIFT_EMIT_LOC_STRINGS = NO;
				SWIFT_OBJC_BRIDGING_HEADER = "";
				SWIFT_PRECOMPILE_BRIDGING_HEADER = NO;
				SWIFT_VERSION = 5.0;
				TARGETED_DEVICE_FAMILY = "1,2";
				TEST_HOST = "$(BUILT_PRODUCTS_DIR)/ClearScoreInterview.app/ClearScoreInterview";
			};
			name = Release;
		};
		9D426A80279A3CD6002EC1C1 /* Debug */ = {
			isa = XCBuildConfiguration;
			buildSettings = {
				ALWAYS_EMBED_SWIFT_STANDARD_LIBRARIES = YES;
				CODE_SIGN_STYLE = Automatic;
				CURRENT_PROJECT_VERSION = 1;
				DEVELOPMENT_TEAM = 2ZBUJ7G4T5;
				GENERATE_INFOPLIST_FILE = YES;
				LD_RUNPATH_SEARCH_PATHS = (
					"$(inherited)",
					"@executable_path/Frameworks",
					"@loader_path/Frameworks",
				);
				MARKETING_VERSION = 1.0;
				PRODUCT_BUNDLE_IDENTIFIER = com.bassbroapps.ClearScoreInterviewUITests;
				PRODUCT_NAME = "$(TARGET_NAME)";
				SWIFT_EMIT_LOC_STRINGS = NO;
				SWIFT_VERSION = 5.0;
				TARGETED_DEVICE_FAMILY = "1,2";
				TEST_TARGET_NAME = ClearScoreInterview;
			};
			name = Debug;
		};
		9D426A81279A3CD6002EC1C1 /* Release */ = {
			isa = XCBuildConfiguration;
			buildSettings = {
				ALWAYS_EMBED_SWIFT_STANDARD_LIBRARIES = YES;
				CODE_SIGN_STYLE = Automatic;
				CURRENT_PROJECT_VERSION = 1;
				DEVELOPMENT_TEAM = 2ZBUJ7G4T5;
				GENERATE_INFOPLIST_FILE = YES;
				LD_RUNPATH_SEARCH_PATHS = (
					"$(inherited)",
					"@executable_path/Frameworks",
					"@loader_path/Frameworks",
				);
				MARKETING_VERSION = 1.0;
				PRODUCT_BUNDLE_IDENTIFIER = com.bassbroapps.ClearScoreInterviewUITests;
				PRODUCT_NAME = "$(TARGET_NAME)";
				SWIFT_EMIT_LOC_STRINGS = NO;
				SWIFT_VERSION = 5.0;
				TARGETED_DEVICE_FAMILY = "1,2";
				TEST_TARGET_NAME = ClearScoreInterview;
			};
			name = Release;
		};
/* End XCBuildConfiguration section */

/* Begin XCConfigurationList section */
		9D426A4A279A3CD4002EC1C1 /* Build configuration list for PBXProject "ClearScoreInterview" */ = {
			isa = XCConfigurationList;
			buildConfigurations = (
				9D426A77279A3CD6002EC1C1 /* Debug */,
				9D426A78279A3CD6002EC1C1 /* Release */,
			);
			defaultConfigurationIsVisible = 0;
			defaultConfigurationName = Release;
		};
		9D426A79279A3CD6002EC1C1 /* Build configuration list for PBXNativeTarget "ClearScoreInterview" */ = {
			isa = XCConfigurationList;
			buildConfigurations = (
				9D426A7A279A3CD6002EC1C1 /* Debug */,
				9D426A7B279A3CD6002EC1C1 /* Release */,
			);
			defaultConfigurationIsVisible = 0;
			defaultConfigurationName = Release;
		};
		9D426A7C279A3CD6002EC1C1 /* Build configuration list for PBXNativeTarget "ClearScoreInterviewTests" */ = {
			isa = XCConfigurationList;
			buildConfigurations = (
				9D426A7D279A3CD6002EC1C1 /* Debug */,
				9D426A7E279A3CD6002EC1C1 /* Release */,
			);
			defaultConfigurationIsVisible = 0;
			defaultConfigurationName = Release;
		};
		9D426A7F279A3CD6002EC1C1 /* Build configuration list for PBXNativeTarget "ClearScoreInterviewUITests" */ = {
			isa = XCConfigurationList;
			buildConfigurations = (
				9D426A80279A3CD6002EC1C1 /* Debug */,
				9D426A81279A3CD6002EC1C1 /* Release */,
			);
			defaultConfigurationIsVisible = 0;
			defaultConfigurationName = Release;
		};
/* End XCConfigurationList section */
	};
	rootObject = 9D426A47279A3CD4002EC1C1 /* Project object */;
}
